github.com/sethvargo/go-password v0.1.3 h1:18KkbGDkw8SuzeohAbWqBLNSfRQblVwEHOLbPa0PvWM=
github.com/sethvargo/go-password v0.1.3/go.mod h1:2tyaaoHK/AlXwh5WWQDYjqQbHcq4cjPj5qb/ciYvu/Q=
github.com/yunussandikci/shareterm/common v0.0.3 h1:+zIo3bh9m43OXHoxIaDSQld9n34m+jFx2CWTPDiu3a8=
github.com/yunussandikci/shareterm/common v0.0.3/go.mod h1:NL+6Aq0wZJlG/J27BLfp3nPA9wuau4rOatRr+MoHweg=
